<?xml version="1.0" encoding="utf-8"?>
<Project ToolsVersion="4.0" xmlns="http://schemas.microsoft.com/developer/msbuild/2003">
  <ItemGroup>
    <Filter Include="소스 파일">
      <UniqueIdentifier>{4FC737F1-C7A5-4376-A066-2A32D752A2FF}</UniqueIdentifier>
      <Extensions>cpp;c;cc;cxx;c++;cppm;ixx;def;odl;idl;hpj;bat;asm;asmx</Extensions>
    </Filter>
    <Filter Include="헤더 파일">
      <UniqueIdentifier>{93995380-89BD-4b04-88EB-625FBE52EBFB}</UniqueIdentifier>
      <Extensions>h;hh;hpp;hxx;h++;hm;inl;inc;ipp;xsd</Extensions>
    </Filter>
    <Filter Include="리소스 파일">
      <UniqueIdentifier>{67DA6AB6-F800-4c08-8B7A-83BB121AAD01}</UniqueIdentifier>
      <Extensions>rc;ico;cur;bmp;dlg;rc2;rct;bin;rgs;gif;jpg;jpeg;jpe;resx;tiff;tif;png;wav;mfcribbon-ms</Extensions>
    </Filter>
    <Filter Include="소스 파일\1차 모의고사">
      <UniqueIdentifier>{c2c3536d-2a17-4e67-916e-50254d315d46}</UniqueIdentifier>
    </Filter>
    <Filter Include="소스 파일\1014">
      <UniqueIdentifier>{5b197803-d0c0-4c2f-bbe1-c39030dc9c0a}</UniqueIdentifier>
    </Filter>
    <Filter Include="소스 파일\인증 대비">
      <UniqueIdentifier>{b178067a-a102-4a62-b1d2-7dc46a5e20ea}</UniqueIdentifier>
    </Filter>
  </ItemGroup>
  <ItemGroup>
    <ClCompile Include="0909.cpp">
      <Filter>소스 파일</Filter>
    </ClCompile>
    <ClCompile Include="0916.cpp">
      <Filter>소스 파일</Filter>
    </ClCompile>
    <ClCompile Include="과제1_9장포인터.cpp">
      <Filter>소스 파일</Filter>
    </ClCompile>
    <ClCompile Include="0923.cpp">
      <Filter>소스 파일</Filter>
    </ClCompile>
    <ClCompile Include="0930.cpp">
      <Filter>소스 파일</Filter>
    </ClCompile>
    <ClCompile Include="과제2_10장 문자열.cpp">
      <Filter>소스 파일</Filter>
    </ClCompile>
    <ClCompile Include="1007.cpp">
      <Filter>소스 파일</Filter>
    </ClCompile>
    <ClCompile Include="과제3 _11장 구조체.cpp">
      <Filter>소스 파일</Filter>
    </ClCompile>
    <ClCompile Include="problem 1.cpp">
      <Filter>소스 파일\1차 모의고사</Filter>
    </ClCompile>
    <ClCompile Include="problem 2-2.cpp">
      <Filter>소스 파일\1차 모의고사</Filter>
    </ClCompile>
    <ClCompile Include="problem 3.cpp">
      <Filter>소스 파일\1차 모의고사</Filter>
    </ClCompile>
    <ClCompile Include="problem 4-2.cpp">
      <Filter>소스 파일\1차 모의고사</Filter>
    </ClCompile>
    <ClCompile Include="problem 5-3.cpp">
      <Filter>소스 파일\1차 모의고사</Filter>
    </ClCompile>
    <ClCompile Include="problem 9.cpp">
      <Filter>소스 파일\1014</Filter>
    </ClCompile>
    <ClCompile Include="problem 10.cpp">
      <Filter>소스 파일\1014</Filter>
    </ClCompile>
    <ClCompile Include="problem 11.cpp">
      <Filter>소스 파일\1014</Filter>
    </ClCompile>
    <ClCompile Include="problem 12.cpp">
      <Filter>소스 파일\1014</Filter>
    </ClCompile>
    <ClCompile Include="7주차 실습문제 - 1.cpp">
      <Filter>소스 파일\1014</Filter>
    </ClCompile>
    <ClCompile Include="7주차 실습문제 - 2.cpp">
      <Filter>소스 파일\1014</Filter>
    </ClCompile>
    <ClCompile Include="problem 1-2.cpp">
      <Filter>소스 파일\인증 대비</Filter>
    </ClCompile>
    <ClCompile Include="problem 2.cpp">
      <Filter>소스 파일\인증 대비</Filter>
    </ClCompile>
  </ItemGroup>
  <ItemGroup>
    <None Include="..\문제들\1차 모의고사 문제지.pdf">
      <Filter>소스 파일\1차 모의고사</Filter>
    </None>
    <None Include="..\문제들\1014 - 7주차 실습문제.pdf">
      <Filter>소스 파일\1014</Filter>
    </None>
  </ItemGroup>
</Project>